
Microsoft Visual Studio Solution File, Format Version 12.00
# Visual Studio Version 17
VisualStudioVersion = 17.3.32825.248
MinimumVisualStudioVersion = 10.0.40219.1
Project("{9A19103F-16F7-4668-BE54-9A1E7A4F7556}") = "Assigment4REST", "Assigment4REST\Assigment4REST.csproj", "{A33286A1-523E-4AB1-980C-9938477A290B}"
EndProject
Project("{FAE04EC0-301F-11D3-BF4B-00C04F79EFBC}") = "Assigment4RESTTests", "Assigment4RESTTests\Assigment4RESTTests.csproj", "{1E02FAD4-29E0-4FCC-9EEB-8F5682F3A9ED}"
EndProject
Global
	GlobalSection(SolutionConfigurationPlatforms) = preSolution
		Debug|Any CPU = Debug|Any CPU
		Release|Any CPU = Release|Any CPU
	EndGlobalSection
	GlobalSection(ProjectConfigurationPlatforms) = postSolution
		{A33286A1-523E-4AB1-980C-9938477A290B}.Debug|Any CPU.ActiveCfg = Debug|Any CPU
		{A33286A1-523E-4AB1-980C-9938477A290B}.Debug|Any CPU.Build.0 = Debug|Any CPU
		{A33286A1-523E-4AB1-980C-9938477A290B}.Release|Any CPU.ActiveCfg = Release|Any CPU
		{A33286A1-523E-4AB1-980C-9938477A290B}.Release|Any CPU.Build.0 = Release|Any CPU
		{1E02FAD4-29E0-4FCC-9EEB-8F5682F3A9ED}.Debug|Any CPU.ActiveCfg = Debug|Any CPU
		{1E02FAD4-29E0-4FCC-9EEB-8F5682F3A9ED}.Debug|Any CPU.Build.0 = Debug|Any CPU
		{1E02FAD4-29E0-4FCC-9EEB-8F5682F3A9ED}.Release|Any CPU.ActiveCfg = Release|Any CPU
		{1E02FAD4-29E0-4FCC-9EEB-8F5682F3A9ED}.Release|Any CPU.Build.0 = Release|Any CPU
	EndGlobalSection
	GlobalSection(SolutionProperties) = preSolution
		HideSolutionNode = FALSE
	EndGlobalSection
	GlobalSection(ExtensibilityGlobals) = postSolution
		SolutionGuid = {EC17DE1A-A31C-45A2-B377-1F276538540A}
	EndGlobalSection
EndGlobal
